# This file is automatically @generated by Cargo.
# It is not intended for manual editing.
version = 4

[[package]]
name = "alloc-no-stdlib"
version = "2.0.3"

[[package]]
name = "alloc-stdlib"
version = "0.2.1"
dependencies = [
 "alloc-no-stdlib",
]

[[package]]
name = "brotli"
version = "5.0.0"
dependencies = [
 "alloc-no-stdlib",
 "alloc-stdlib",
 "brotli-decompressor",
]

[[package]]
name = "brotli-decompressor"
version = "4.0.0"
dependencies = [
 "alloc-no-stdlib",
 "alloc-stdlib",
]

[[package]]
name = "fastbrotli"
version = "0.1.0"
dependencies = [
 "alloc-no-stdlib",
 "alloc-stdlib",
 "brotli",
 "brotli-decompressor",
 "fastbrotli-options",
]

[[package]]
name = "fastbrotli-options"
version = "0.1.0"
